
Microsoft Visual Studio Solution File, Format Version 12.00
# Visual Studio 14
VisualStudioVersion = 14.0.25420.1
MinimumVisualStudioVersion = 10.0.40219.1
Project("{FAE04EC0-301F-11D3-BF4B-00C04F79EFBC}") = "GHWind", "GHWind\GHWind.csproj", "{7B41BA31-ECC5-4093-A28D-1D5D8967406A}"
EndProject
Global
	GlobalSection(SolutionConfigurationPlatforms) = preSolution
		Debug64|Any CPU = Debug64|Any CPU
		Release|Any CPU = Release|Any CPU
	EndGlobalSection
	GlobalSection(ProjectConfigurationPlatforms) = postSolution
		{7B41BA31-ECC5-4093-A28D-1D5D8967406A}.Debug64|Any CPU.ActiveCfg = Debug64|Any CPU
		{7B41BA31-ECC5-4093-A28D-1D5D8967406A}.Debug64|Any CPU.Build.0 = Debug64|Any CPU
		{7B41BA31-ECC5-4093-A28D-1D5D8967406A}.Release|Any CPU.ActiveCfg = Release|Any CPU
		{7B41BA31-ECC5-4093-A28D-1D5D8967406A}.Release|Any CPU.Build.0 = Release|Any CPU
	EndGlobalSection
	GlobalSection(SolutionProperties) = preSolution
		HideSolutionNode = FALSE
	EndGlobalSection
EndGlobal
